FORGE
  remote: https://forgeapi.puppetlabs.com
  specs:
    danzilio-virtualbox (1.7.1)
      puppetlabs-apt (< 3.0.0, >= 2.1.0)
      puppetlabs-stdlib (< 5.0.0, >= 4.8.0)
      stahnma-epel (< 2.0.0, >= 0.0.6)
    darin-zypprepo (1.0.2)
    puppetlabs-apt (2.2.2)
      puppetlabs-stdlib (< 5.0.0, >= 4.5.0)
    puppetlabs-stdlib (4.12.0)
    stahnma-epel (1.2.2)
      puppetlabs-stdlib (>= 3.0.0)
    unibet-vagrant (0.2.1)
      puppetlabs-stdlib (>= 0)

GIT
  remote: http://github.com/BrianFlannery/puppet-google-chrome.git
  ref: master
  sha: 9ff00265d15e1a5142cba679eb3b259f6d182aec
  specs:
    jamesnetherton-google_chrome (0.2.4)
      darin-zypprepo (>= 1.0.1)
      puppetlabs-apt (>= 1.4.2)
      puppetlabs-stdlib (< 5.0.0, >= 3.2.0)

DEPENDENCIES
  danzilio-virtualbox (= 1.7.1)
  jamesnetherton-google_chrome (>= 0)
  unibet-vagrant (= 0.2.1)

